// !$*UTF8*$!
{
	archiveVersion = 1;
	classes = {
	};
	objectVersion = 50;
	objects = {

/* Begin PBXBuildFile section */
		454078132370BBF700FD8CD0 /* AppDelegate.swift in Sources */ = {isa = PBXBuildFile; fileRef = 454078122370BBF700FD8CD0 /* AppDelegate.swift */; };
		454078152370BBF700FD8CD0 /* ViewController.swift in Sources */ = {isa = PBXBuildFile; fileRef = 454078142370BBF700FD8CD0 /* ViewController.swift */; };
		454078182370BBF700FD8CD0 /* Main.storyboard in Resources */ = {isa = PBXBuildFile; fileRef = 454078162370BBF700FD8CD0 /* Main.storyboard */; };
		4540781A2370BBF800FD8CD0 /* Assets.xcassets in Resources */ = {isa = PBXBuildFile; fileRef = 454078192370BBF800FD8CD0 /* Assets.xcassets */; };
		4540781D2370BBF800FD8CD0 /* LaunchScreen.storyboard in Resources */ = {isa = PBXBuildFile; fileRef = 4540781B2370BBF800FD8CD0 /* LaunchScreen.storyboard */; };
		454078252370BC5400FD8CD0 /* dragNDrop.swift in Sources */ = {isa = PBXBuildFile; fileRef = 454078242370BC5400FD8CD0 /* dragNDrop.swift */; };
		454078272370BC8600FD8CD0 /* collectionCell.swift in Sources */ = {isa = PBXBuildFile; fileRef = 454078262370BC8600FD8CD0 /* collectionCell.swift */; };
		454078292370BCC100FD8CD0 /* dataSourceForCollection.swift in Sources */ = {isa = PBXBuildFile; fileRef = 454078282370BCC100FD8CD0 /* dataSourceForCollection.swift */; };
/* End PBXBuildFile section */

/* Begin PBXFileReference section */
		4540780F2370BBF700FD8CD0 /* dz222222.app */ = {isa = PBXFileReference; explicitFileType = wrapper.application; includeInIndex = 0; path = dz222222.app; sourceTree = BUILT_PRODUCTS_DIR; };
		454078122370BBF700FD8CD0 /* AppDelegate.swift */ = {isa = PBXFileReference; lastKnownFileType = sourcecode.swift; path = AppDelegate.swift; sourceTree = "<group>"; };
		454078142370BBF700FD8CD0 /* ViewController.swift */ = {isa = PBXFileReference; lastKnownFileType = sourcecode.swift; path = ViewController.swift; sourceTree = "<group>"; };
		454078172370BBF700FD8CD0 /* Base */ = {isa = PBXFileReference; lastKnownFileType = file.storyboard; name = Base; path = Base.lproj/Main.storyboard; sourceTree = "<group>"; };
		454078192370BBF800FD8CD0 /* Assets.xcassets */ = {isa = PBXFileReference; lastKnownFileType = folder.assetcatalog; path = Assets.xcassets; sourceTree = "<group>"; };
		4540781C2370BBF800FD8CD0 /* Base */ = {isa = PBXFileReference; lastKnownFileType = file.storyboard; name = Base; path = Base.lproj/LaunchScreen.storyboard; sourceTree = "<group>"; };
		4540781E2370BBF800FD8CD0 /* Info.plist */ = {isa = PBXFileReference; lastKnownFileType = text.plist.xml; path = Info.plist; sourceTree = "<group>"; };
		454078242370BC5400FD8CD0 /* dragNDrop.swift */ = {isa = PBXFileReference; lastKnownFileType = sourcecode.swift; path = dragNDrop.swift; sourceTree = "<group>"; };
		454078262370BC8600FD8CD0 /* collectionCell.swift */ = {isa = PBXFileReference; lastKnownFileType = sourcecode.swift; path = collectionCell.swift; sourceTree = "<group>"; };
		454078282370BCC100FD8CD0 /* dataSourceForCollection.swift */ = {isa = PBXFileReference; lastKnownFileType = sourcecode.swift; path = dataSourceForCollection.swift; sourceTree = "<group>"; };
/* End PBXFileReference section */

/* Begin PBXFrameworksBuildPhase section */
		4540780C2370BBF700FD8CD0 /* Frameworks */ = {
			isa = PBXFrameworksBuildPhase;
			buildActionMask = 2147483647;
			files = (
			);
			runOnlyForDeploymentPostprocessing = 0;
		};
/* End PBXFrameworksBuildPhase section */

/* Begin PBXGroup section */
		454078062370BBF700FD8CD0 = {
			isa = PBXGroup;
			children = (
				454078112370BBF700FD8CD0 /* dz222222 */,
				454078102370BBF700FD8CD0 /* Products */,
			);
			sourceTree = "<group>";
		};
		454078102370BBF700FD8CD0 /* Products */ = {
			isa = PBXGroup;
			children = (
				4540780F2370BBF700FD8CD0 /* dz222222.app */,
			);
			name = Products;
			sourceTree = "<group>";
		};
		454078112370BBF700FD8CD0 /* dz222222 */ = {
			isa = PBXGroup;
			children = (
				454078122370BBF700FD8CD0 /* AppDelegate.swift */,
				454078142370BBF700FD8CD0 /* ViewController.swift */,
				454078242370BC5400FD8CD0 /* dragNDrop.swift */,
				454078262370BC8600FD8CD0 /* collectionCell.swift */,
				454078282370BCC100FD8CD0 /* dataSourceForCollection.swift */,
				454078162370BBF700FD8CD0 /* Main.storyboard */,
				454078192370BBF800FD8CD0 /* Assets.xcassets */,
				4540781B2370BBF800FD8CD0 /* LaunchScreen.storyboard */,
				4540781E2370BBF800FD8CD0 /* Info.plist */,
			);
			path = dz222222;
			sourceTree = "<group>";
		};
/* End PBXGroup section */

/* Begin PBXNativeTarget section */
		4540780E2370BBF700FD8CD0 /* dz222222 */ = {
			isa = PBXNativeTarget;
			buildConfigurationList = 454078212370BBF800FD8CD0 /* Build configuration list for PBXNativeTarget "dz222222" */;
			buildPhases = (
				4540780B2370BBF700FD8CD0 /* Sources */,
				4540780C2370BBF700FD8CD0 /* Frameworks */,
				4540780D2370BBF700FD8CD0 /* Resources */,
			);
			buildRules = (
			);
			dependencies = (
			);
			name = dz222222;
			productName = dz222222;
			productReference = 4540780F2370BBF700FD8CD0 /* dz222222.app */;
			productType = "com.apple.product-type.application";
		};
/* End PBXNativeTarget section */

/* Begin PBXProject section */
		454078072370BBF700FD8CD0 /* Project object */ = {
			isa = PBXProject;
			attributes = {
				LastSwiftUpdateCheck = 1030;
				LastUpgradeCheck = 1030;
				ORGANIZATIONNAME = ArsIndustries;
				TargetAttributes = {
					4540780E2370BBF700FD8CD0 = {
						CreatedOnToolsVersion = 10.3;
					};
				};
			};
			buildConfigurationList = 4540780A2370BBF700FD8CD0 /* Build configuration list for PBXProject "dz222222" */;
			compatibilityVersion = "Xcode 9.3";
			developmentRegion = en;
			hasScannedForEncodings = 0;
			knownRegions = (
				en,
				Base,
			);
			mainGroup = 454078062370BBF700FD8CD0;
			productRefGroup = 454078102370BBF700FD8CD0 /* Products */;
			projectDirPath = "";
			projectRoot = "";
			targets = (
				4540780E2370BBF700FD8CD0 /* dz222222 */,
			);
		};
/* End PBXProject section */

/* Begin PBXResourcesBuildPhase section */
		4540780D2370BBF700FD8CD0 /* Resources */ = {
			isa = PBXResourcesBuildPhase;
			buildActionMask = 2147483647;
			files = (
				4540781D2370BBF800FD8CD0 /* LaunchScreen.storyboard in Resources */,
				4540781A2370BBF800FD8CD0 /* Assets.xcassets in Resources */,
				454078182370BBF700FD8CD0 /* Main.storyboard in Resources */,
			);
			runOnlyForDeploymentPostprocessing = 0;
		};
/* End PBXResourcesBuildPhase section */

/* Begin PBXSourcesBuildPhase section */
		4540780B2370BBF700FD8CD0 /* Sources */ = {
			isa = PBXSourcesBuildPhase;
			buildActionMask = 2147483647;
			files = (
				454078152370BBF700FD8CD0 /* ViewController.swift in Sources */,
				454078252370BC5400FD8CD0 /* dragNDrop.swift in Sources */,
				454078132370BBF700FD8CD0 /* AppDelegate.swift in Sources */,
				454078272370BC8600FD8CD0 /* collectionCell.swift in Sources */,
				454078292370BCC100FD8CD0 /* dataSourceForCollection.swift in Sources */,
			);
			runOnlyForDeploymentPostprocessing = 0;
		};
/* End PBXSourcesBuildPhase section */

/* Begin PBXVariantGroup section */
		454078162370BBF700FD8CD0 /* Main.storyboard */ = {
			isa = PBXVariantGroup;
			children = (
				454078172370BBF700FD8CD0 /* Base */,
			);
			name = Main.storyboard;
			sourceTree = "<group>";
		};
		4540781B2370BBF800FD8CD0 /* LaunchScreen.storyboard */ = {
			isa = PBXVariantGroup;
			children = (
				4540781C2370BBF800FD8CD0 /* Base */,
			);
			name = LaunchScreen.storyboard;
			sourceTree = "<group>";
		};
/* End PBXVariantGroup section */

/* Begin XCBuildConfiguration section */
		4540781F2370BBF800FD8CD0 /* Debug */ = {
			isa = XCBuildConfiguration;
			buildSettings = {
				ALWAYS_SEARCH_USER_PATHS = NO;
				CLANG_ANALYZER_NONNULL = YES;
				CLANG_ANALYZER_NUMBER_OBJECT_CONVERSION = YES_AGGRESSIVE;
				CLANG_CXX_LANGUAGE_STANDARD = "gnu++14";
				CLANG_CXX_LIBRARY = "libc++";
				CLANG_ENABLE_MODULES = YES;
				CLANG_ENABLE_OBJC_ARC = YES;
				CLANG_ENABLE_OBJC_WEAK = YES;
				CLANG_WARN_BLOCK_CAPTURE_AUTORELEASING = YES;
				CLANG_WARN_BOOL_CONVERSION = YES;
				CLANG_WARN_COMMA = YES;
				CLANG_WARN_CONSTANT_CONVERSION = YES;
				CLANG_WARN_DEPRECATED_OBJC_IMPLEMENTATIONS = YES;
				CLANG_WARN_DIRECT_OBJC_ISA_USAGE = YES_ERROR;
				CLANG_WARN_DOCUMENTATION_COMMENTS = YES;
				CLANG_WARN_EMPTY_BODY = YES;
				CLANG_WARN_ENUM_CONVERSION = YES;
				CLANG_WARN_INFINITE_RECURSION = YES;
				CLANG_WARN_INT_CONVERSION = YES;
				CLANG_WARN_NON_LITERAL_NULL_CONVERSION = YES;
				CLANG_WARN_OBJC_IMPLICIT_RETAIN_SELF = YES;
				CLANG_WARN_OBJC_LITERAL_CONVERSION = YES;
				CLANG_WARN_OBJC_ROOT_CLASS = YES_ERROR;
				CLANG_WARN_RANGE_LOOP_ANALYSIS = YES;
				CLANG_WARN_STRICT_PROTOTYPES = YES;
				CLANG_WARN_SUSPICIOUS_MOVE = YES;
				CLANG_WARN_UNGUARDED_AVAILABILITY = YES_AGGRESSIVE;
				CLANG_WARN_UNREACHABLE_CODE = YES;
				CLANG_WARN__DUPLICATE_METHOD_MATCH = YES;
				CODE_SIGN_IDENTITY = "iPhone Developer";
				COPY_PHASE_STRIP = NO;
				DEBUG_INFORMATION_FORMAT = dwarf;
				ENABLE_STRICT_OBJC_MSGSEND = YES;
				ENABLE_TESTABILITY = YES;
				GCC_C_LANGUAGE_STANDARD = gnu11;
				GCC_DYNAMIC_NO_PIC = NO;
				GCC_NO_COMMON_BLOCKS = YES;
				GCC_OPTIMIZATION_LEVEL = 0;
				GCC_PREPROCESSOR_DEFINITIONS = (
					"DEBUG=1",
					"$(inherited)",
				);
				GCC_WARN_64_TO_32_BIT_CONVERSION = YES;
				GCC_WARN_ABOUT_RETURN_TYPE = YES_ERROR;
				GCC_WARN_UNDECLARED_SELECTOR = YES;
				GCC_WARN_UNINITIALIZED_AUTOS = YES_AGGRESSIVE;
				GCC_WARN_UNUSED_FUNCTION = YES;
				GCC_WARN_UNUSED_VARIABLE = YES;
				IPHONEOS_DEPLOYMENT_TARGET = 12.4;
				MTL_ENABLE_DEBUG_INFO = INCLUDE_SOURCE;
				MTL_FAST_MATH = YES;
				ONLY_ACTIVE_ARCH = YES;
				SDKROOT = iphoneos;
				SWIFT_ACTIVE_COMPILATION_CONDITIONS = DEBUG;
				SWIFT_OPTIMIZATION_LEVEL = "-Onone";
			};
			name = Debug;
		};
		454078202370BBF800FD8CD0 /* Release */ = {
			isa = XCBuildConfiguration;
			buildSettings = {
				ALWAYS_SEARCH_USER_PATHS = NO;
				CLANG_ANALYZER_NONNULL = YES;
				CLANG_ANALYZER_NUMBER_OBJECT_CONVERSION = YES_AGGRESSIVE;
				CLANG_CXX_LANGUAGE_STANDARD = "gnu++14";
				CLANG_CXX_LIBRARY = "libc++";
				CLANG_ENABLE_MODULES = YES;
				CLANG_ENABLE_OBJC_ARC = YES;
				CLANG_ENABLE_OBJC_WEAK = YES;
				CLANG_WARN_BLOCK_CAPTURE_AUTORELEASING = YES;
				CLANG_WARN_BOOL_CONVERSION = YES;
				CLANG_WARN_COMMA = YES;
				CLANG_WARN_CONSTANT_CONVERSION = YES;
				CLANG_WARN_DEPRECATED_OBJC_IMPLEMENTATIONS = YES;
				CLANG_WARN_DIRECT_OBJC_ISA_USAGE = YES_ERROR;
				CLANG_WARN_DOCUMENTATION_COMMENTS = YES;
				CLANG_WARN_EMPTY_BODY = YES;
				CLANG_WARN_ENUM_CONVERSION = YES;
				CLANG_WARN_INFINITE_RECURSION = YES;
				CLANG_WARN_INT_CONVERSION = YES;
				CLANG_WARN_NON_LITERAL_NULL_CONVERSION = YES;
				CLANG_WARN_OBJC_IMPLICIT_RETAIN_SELF = YES;
				CLANG_WARN_OBJC_LITERAL_CONVERSION = YES;
				CLANG_WARN_OBJC_ROOT_CLASS = YES_ERROR;
				CLANG_WARN_RANGE_LOOP_ANALYSIS = YES;
				CLANG_WARN_STRICT_PROTOTYPES = YES;
				CLANG_WARN_SUSPICIOUS_MOVE = YES;
				CLANG_WARN_UNGUARDED_AVAILABILITY = YES_AGGRESSIVE;
				CLANG_WARN_UNREACHABLE_CODE = YES;
				CLANG_WARN__DUPLICATE_METHOD_MATCH = YES;
				CODE_SIGN_IDENTITY = "iPhone Developer";
				COPY_PHASE_STRIP = NO;
				DEBUG_INFORMATION_FORMAT = "dwarf-with-dsym";
				ENABLE_NS_ASSERTIONS = NO;
				ENABLE_STRICT_OBJC_MSGSEND = YES;
				GCC_C_LANGUAGE_STANDARD = gnu11;
				GCC_NO_COMMON_BLOCKS = YES;
				GCC_WARN_64_TO_32_BIT_CONVERSION = YES;
				GCC_WARN_ABOUT_RETURN_TYPE = YES_ERROR;
				GCC_WARN_UNDECLARED_SELECTOR = YES;
				GCC_WARN_UNINITIALIZED_AUTOS = YES_AGGRESSIVE;
				GCC_WARN_UNUSED_FUNCTION = YES;
				GCC_WARN_UNUSED_VARIABLE = YES;
				IPHONEOS_DEPLOYMENT_TARGET = 12.4;
				MTL_ENABLE_DEBUG_INFO = NO;
				MTL_FAST_MATH = YES;
				SDKROOT = iphoneos;
				SWIFT_COMPILATION_MODE = wholemodule;
				SWIFT_OPTIMIZATION_LEVEL = "-O";
				VALIDATE_PRODUCT = YES;
			};
			name = Release;
		};
		454078222370BBF800FD8CD0 /* Debug */ = {
			isa = XCBuildConfiguration;
			buildSettings = {
				ASSETCATALOG_COMPILER_APPICON_NAME = AppIcon;
				CODE_SIGN_STYLE = Automatic;
				DEVELOPMENT_TEAM = 42SVX5XPT4;
				INFOPLIST_FILE = dz222222/Info.plist;
				LD_RUNPATH_SEARCH_PATHS = (
					"$(inherited)",
					"@executable_path/Frameworks",
				);
				PRODUCT_BUNDLE_IDENTIFIER = "-.dz222222";
				PRODUCT_NAME = "$(TARGET_NAME)";
				SWIFT_VERSION = 5.0;
				TARGETED_DEVICE_FAMILY = "1,2";
			};
			name = Debug;
		};
		454078232370BBF800FD8CD0 /* Release */ = {
			isa = XCBuildConfiguration;
			buildSettings = {
				ASSETCATALOG_COMPILER_APPICON_NAME = AppIcon;
				CODE_SIGN_STYLE = Automatic;
				DEVELOPMENT_TEAM = 42SVX5XPT4;
				INFOPLIST_FILE = dz222222/Info.plist;
				LD_RUNPATH_SEARCH_PATHS = (
					"$(inherited)",
					"@executable_path/Frameworks",
				);
				PRODUCT_BUNDLE_IDENTIFIER = "-.dz222222";
				PRODUCT_NAME = "$(TARGET_NAME)";
				SWIFT_VERSION = 5.0;
				TARGETED_DEVICE_FAMILY = "1,2";
			};
			name = Release;
		};
/* End XCBuildConfiguration section */

/* Begin XCConfigurationList section */
		4540780A2370BBF700FD8CD0 /* Build configuration list for PBXProject "dz222222" */ = {
			isa = XCConfigurationList;
			buildConfigurations = (
				4540781F2370BBF800FD8CD0 /* Debug */,
				454078202370BBF800FD8CD0 /* Release */,
			);
			defaultConfigurationIsVisible = 0;
			defaultConfigurationName = Release;
		};
		454078212370BBF800FD8CD0 /* Build configuration list for PBXNativeTarget "dz222222" */ = {
			isa = XCConfigurationList;
			buildConfigurations = (
				454078222370BBF800FD8CD0 /* Debug */,
				454078232370BBF800FD8CD0 /* Release */,
			);
			defaultConfigurationIsVisible = 0;
			defaultConfigurationName = Release;
		};
/* End XCConfigurationList section */
	};
	rootObject = 454078072370BBF700FD8CD0 /* Project object */;
}
