// !$*UTF8*$!
{
	archiveVersion = 1;
	classes = {
	};
	objectVersion = 50;
	objects = {

/* Begin PBXBuildFile section */
		45236E35237C9251004E31D0 /* AppDelegate.swift in Sources */ = {isa = PBXBuildFile; fileRef = 45236E34237C9251004E31D0 /* AppDelegate.swift */; };
		45236E37237C9251004E31D0 /* SceneDelegate.swift in Sources */ = {isa = PBXBuildFile; fileRef = 45236E36237C9251004E31D0 /* SceneDelegate.swift */; };
		45236E39237C9251004E31D0 /* ViewController.swift in Sources */ = {isa = PBXBuildFile; fileRef = 45236E38237C9251004E31D0 /* ViewController.swift */; };
		45236E3C237C9251004E31D0 /* Main.storyboard in Resources */ = {isa = PBXBuildFile; fileRef = 45236E3A237C9251004E31D0 /* Main.storyboard */; };
		45236E3E237C9254004E31D0 /* Assets.xcassets in Resources */ = {isa = PBXBuildFile; fileRef = 45236E3D237C9254004E31D0 /* Assets.xcassets */; };
		45236E41237C9254004E31D0 /* LaunchScreen.storyboard in Resources */ = {isa = PBXBuildFile; fileRef = 45236E3F237C9254004E31D0 /* LaunchScreen.storyboard */; };
		45236E49237C9267004E31D0 /* sfColl.swift in Sources */ = {isa = PBXBuildFile; fileRef = 45236E48237C9267004E31D0 /* sfColl.swift */; };
/* End PBXBuildFile section */

/* Begin PBXFileReference section */
		45236E31237C9251004E31D0 /* safeCollection.app */ = {isa = PBXFileReference; explicitFileType = wrapper.application; includeInIndex = 0; path = safeCollection.app; sourceTree = BUILT_PRODUCTS_DIR; };
		45236E34237C9251004E31D0 /* AppDelegate.swift */ = {isa = PBXFileReference; lastKnownFileType = sourcecode.swift; path = AppDelegate.swift; sourceTree = "<group>"; };
		45236E36237C9251004E31D0 /* SceneDelegate.swift */ = {isa = PBXFileReference; lastKnownFileType = sourcecode.swift; path = SceneDelegate.swift; sourceTree = "<group>"; };
		45236E38237C9251004E31D0 /* ViewController.swift */ = {isa = PBXFileReference; lastKnownFileType = sourcecode.swift; path = ViewController.swift; sourceTree = "<group>"; };
		45236E3B237C9251004E31D0 /* Base */ = {isa = PBXFileReference; lastKnownFileType = file.storyboard; name = Base; path = Base.lproj/Main.storyboard; sourceTree = "<group>"; };
		45236E3D237C9254004E31D0 /* Assets.xcassets */ = {isa = PBXFileReference; lastKnownFileType = folder.assetcatalog; path = Assets.xcassets; sourceTree = "<group>"; };
		45236E40237C9254004E31D0 /* Base */ = {isa = PBXFileReference; lastKnownFileType = file.storyboard; name = Base; path = Base.lproj/LaunchScreen.storyboard; sourceTree = "<group>"; };
		45236E42237C9254004E31D0 /* Info.plist */ = {isa = PBXFileReference; lastKnownFileType = text.plist.xml; path = Info.plist; sourceTree = "<group>"; };
		45236E48237C9267004E31D0 /* sfColl.swift */ = {isa = PBXFileReference; lastKnownFileType = sourcecode.swift; path = sfColl.swift; sourceTree = "<group>"; };
/* End PBXFileReference section */

/* Begin PBXFrameworksBuildPhase section */
		45236E2E237C9251004E31D0 /* Frameworks */ = {
			isa = PBXFrameworksBuildPhase;
			buildActionMask = 2147483647;
			files = (
			);
			runOnlyForDeploymentPostprocessing = 0;
		};
/* End PBXFrameworksBuildPhase section */

/* Begin PBXGroup section */
		45236E28237C9250004E31D0 = {
			isa = PBXGroup;
			children = (
				45236E33237C9251004E31D0 /* safeCollection */,
				45236E32237C9251004E31D0 /* Products */,
			);
			sourceTree = "<group>";
		};
		45236E32237C9251004E31D0 /* Products */ = {
			isa = PBXGroup;
			children = (
				45236E31237C9251004E31D0 /* safeCollection.app */,
			);
			name = Products;
			sourceTree = "<group>";
		};
		45236E33237C9251004E31D0 /* safeCollection */ = {
			isa = PBXGroup;
			children = (
				45236E34237C9251004E31D0 /* AppDelegate.swift */,
				45236E36237C9251004E31D0 /* SceneDelegate.swift */,
				45236E38237C9251004E31D0 /* ViewController.swift */,
				45236E48237C9267004E31D0 /* sfColl.swift */,
				45236E3A237C9251004E31D0 /* Main.storyboard */,
				45236E3D237C9254004E31D0 /* Assets.xcassets */,
				45236E3F237C9254004E31D0 /* LaunchScreen.storyboard */,
				45236E42237C9254004E31D0 /* Info.plist */,
			);
			path = safeCollection;
			sourceTree = "<group>";
		};
/* End PBXGroup section */

/* Begin PBXNativeTarget section */
		45236E30237C9251004E31D0 /* safeCollection */ = {
			isa = PBXNativeTarget;
			buildConfigurationList = 45236E45237C9254004E31D0 /* Build configuration list for PBXNativeTarget "safeCollection" */;
			buildPhases = (
				45236E2D237C9251004E31D0 /* Sources */,
				45236E2E237C9251004E31D0 /* Frameworks */,
				45236E2F237C9251004E31D0 /* Resources */,
			);
			buildRules = (
			);
			dependencies = (
			);
			name = safeCollection;
			productName = safeCollection;
			productReference = 45236E31237C9251004E31D0 /* safeCollection.app */;
			productType = "com.apple.product-type.application";
		};
/* End PBXNativeTarget section */

/* Begin PBXProject section */
		45236E29237C9250004E31D0 /* Project object */ = {
			isa = PBXProject;
			attributes = {
				LastSwiftUpdateCheck = 1100;
				LastUpgradeCheck = 1100;
				ORGANIZATIONNAME = ArsIndustries;
				TargetAttributes = {
					45236E30237C9251004E31D0 = {
						CreatedOnToolsVersion = 11.0;
					};
				};
			};
			buildConfigurationList = 45236E2C237C9250004E31D0 /* Build configuration list for PBXProject "safeCollection" */;
			compatibilityVersion = "Xcode 9.3";
			developmentRegion = en;
			hasScannedForEncodings = 0;
			knownRegions = (
				en,
				Base,
			);
			mainGroup = 45236E28237C9250004E31D0;
			productRefGroup = 45236E32237C9251004E31D0 /* Products */;
			projectDirPath = "";
			projectRoot = "";
			targets = (
				45236E30237C9251004E31D0 /* safeCollection */,
			);
		};
/* End PBXProject section */

/* Begin PBXResourcesBuildPhase section */
		45236E2F237C9251004E31D0 /* Resources */ = {
			isa = PBXResourcesBuildPhase;
			buildActionMask = 2147483647;
			files = (
				45236E41237C9254004E31D0 /* LaunchScreen.storyboard in Resources */,
				45236E3E237C9254004E31D0 /* Assets.xcassets in Resources */,
				45236E3C237C9251004E31D0 /* Main.storyboard in Resources */,
			);
			runOnlyForDeploymentPostprocessing = 0;
		};
/* End PBXResourcesBuildPhase section */

/* Begin PBXSourcesBuildPhase section */
		45236E2D237C9251004E31D0 /* Sources */ = {
			isa = PBXSourcesBuildPhase;
			buildActionMask = 2147483647;
			files = (
				45236E39237C9251004E31D0 /* ViewController.swift in Sources */,
				45236E35237C9251004E31D0 /* AppDelegate.swift in Sources */,
				45236E49237C9267004E31D0 /* sfColl.swift in Sources */,
				45236E37237C9251004E31D0 /* SceneDelegate.swift in Sources */,
			);
			runOnlyForDeploymentPostprocessing = 0;
		};
/* End PBXSourcesBuildPhase section */

/* Begin PBXVariantGroup section */
		45236E3A237C9251004E31D0 /* Main.storyboard */ = {
			isa = PBXVariantGroup;
			children = (
				45236E3B237C9251004E31D0 /* Base */,
			);
			name = Main.storyboard;
			sourceTree = "<group>";
		};
		45236E3F237C9254004E31D0 /* LaunchScreen.storyboard */ = {
			isa = PBXVariantGroup;
			children = (
				45236E40237C9254004E31D0 /* Base */,
			);
			name = LaunchScreen.storyboard;
			sourceTree = "<group>";
		};
/* End PBXVariantGroup section */

/* Begin XCBuildConfiguration section */
		45236E43237C9254004E31D0 /* Debug */ = {
			isa = XCBuildConfiguration;
			buildSettings = {
				ALWAYS_SEARCH_USER_PATHS = NO;
				CLANG_ANALYZER_NONNULL = YES;
				CLANG_ANALYZER_NUMBER_OBJECT_CONVERSION = YES_AGGRESSIVE;
				CLANG_CXX_LANGUAGE_STANDARD = "gnu++14";
				CLANG_CXX_LIBRARY = "libc++";
				CLANG_ENABLE_MODULES = YES;
				CLANG_ENABLE_OBJC_ARC = YES;
				CLANG_ENABLE_OBJC_WEAK = YES;
				CLANG_WARN_BLOCK_CAPTURE_AUTORELEASING = YES;
				CLANG_WARN_BOOL_CONVERSION = YES;
				CLANG_WARN_COMMA = YES;
				CLANG_WARN_CONSTANT_CONVERSION = YES;
				CLANG_WARN_DEPRECATED_OBJC_IMPLEMENTATIONS = YES;
				CLANG_WARN_DIRECT_OBJC_ISA_USAGE = YES_ERROR;
				CLANG_WARN_DOCUMENTATION_COMMENTS = YES;
				CLANG_WARN_EMPTY_BODY = YES;
				CLANG_WARN_ENUM_CONVERSION = YES;
				CLANG_WARN_INFINITE_RECURSION = YES;
				CLANG_WARN_INT_CONVERSION = YES;
				CLANG_WARN_NON_LITERAL_NULL_CONVERSION = YES;
				CLANG_WARN_OBJC_IMPLICIT_RETAIN_SELF = YES;
				CLANG_WARN_OBJC_LITERAL_CONVERSION = YES;
				CLANG_WARN_OBJC_ROOT_CLASS = YES_ERROR;
				CLANG_WARN_RANGE_LOOP_ANALYSIS = YES;
				CLANG_WARN_STRICT_PROTOTYPES = YES;
				CLANG_WARN_SUSPICIOUS_MOVE = YES;
				CLANG_WARN_UNGUARDED_AVAILABILITY = YES_AGGRESSIVE;
				CLANG_WARN_UNREACHABLE_CODE = YES;
				CLANG_WARN__DUPLICATE_METHOD_MATCH = YES;
				COPY_PHASE_STRIP = NO;
				DEBUG_INFORMATION_FORMAT = dwarf;
				ENABLE_STRICT_OBJC_MSGSEND = YES;
				ENABLE_TESTABILITY = YES;
				GCC_C_LANGUAGE_STANDARD = gnu11;
				GCC_DYNAMIC_NO_PIC = NO;
				GCC_NO_COMMON_BLOCKS = YES;
				GCC_OPTIMIZATION_LEVEL = 0;
				GCC_PREPROCESSOR_DEFINITIONS = (
					"DEBUG=1",
					"$(inherited)",
				);
				GCC_WARN_64_TO_32_BIT_CONVERSION = YES;
				GCC_WARN_ABOUT_RETURN_TYPE = YES_ERROR;
				GCC_WARN_UNDECLARED_SELECTOR = YES;
				GCC_WARN_UNINITIALIZED_AUTOS = YES_AGGRESSIVE;
				GCC_WARN_UNUSED_FUNCTION = YES;
				GCC_WARN_UNUSED_VARIABLE = YES;
				IPHONEOS_DEPLOYMENT_TARGET = 13.0;
				MTL_ENABLE_DEBUG_INFO = INCLUDE_SOURCE;
				MTL_FAST_MATH = YES;
				ONLY_ACTIVE_ARCH = YES;
				SDKROOT = iphoneos;
				SWIFT_ACTIVE_COMPILATION_CONDITIONS = DEBUG;
				SWIFT_OPTIMIZATION_LEVEL = "-Onone";
			};
			name = Debug;
		};
		45236E44237C9254004E31D0 /* Release */ = {
			isa = XCBuildConfiguration;
			buildSettings = {
				ALWAYS_SEARCH_USER_PATHS = NO;
				CLANG_ANALYZER_NONNULL = YES;
				CLANG_ANALYZER_NUMBER_OBJECT_CONVERSION = YES_AGGRESSIVE;
				CLANG_CXX_LANGUAGE_STANDARD = "gnu++14";
				CLANG_CXX_LIBRARY = "libc++";
				CLANG_ENABLE_MODULES = YES;
				CLANG_ENABLE_OBJC_ARC = YES;
				CLANG_ENABLE_OBJC_WEAK = YES;
				CLANG_WARN_BLOCK_CAPTURE_AUTORELEASING = YES;
				CLANG_WARN_BOOL_CONVERSION = YES;
				CLANG_WARN_COMMA = YES;
				CLANG_WARN_CONSTANT_CONVERSION = YES;
				CLANG_WARN_DEPRECATED_OBJC_IMPLEMENTATIONS = YES;
				CLANG_WARN_DIRECT_OBJC_ISA_USAGE = YES_ERROR;
				CLANG_WARN_DOCUMENTATION_COMMENTS = YES;
				CLANG_WARN_EMPTY_BODY = YES;
				CLANG_WARN_ENUM_CONVERSION = YES;
				CLANG_WARN_INFINITE_RECURSION = YES;
				CLANG_WARN_INT_CONVERSION = YES;
				CLANG_WARN_NON_LITERAL_NULL_CONVERSION = YES;
				CLANG_WARN_OBJC_IMPLICIT_RETAIN_SELF = YES;
				CLANG_WARN_OBJC_LITERAL_CONVERSION = YES;
				CLANG_WARN_OBJC_ROOT_CLASS = YES_ERROR;
				CLANG_WARN_RANGE_LOOP_ANALYSIS = YES;
				CLANG_WARN_STRICT_PROTOTYPES = YES;
				CLANG_WARN_SUSPICIOUS_MOVE = YES;
				CLANG_WARN_UNGUARDED_AVAILABILITY = YES_AGGRESSIVE;
				CLANG_WARN_UNREACHABLE_CODE = YES;
				CLANG_WARN__DUPLICATE_METHOD_MATCH = YES;
				COPY_PHASE_STRIP = NO;
				DEBUG_INFORMATION_FORMAT = "dwarf-with-dsym";
				ENABLE_NS_ASSERTIONS = NO;
				ENABLE_STRICT_OBJC_MSGSEND = YES;
				GCC_C_LANGUAGE_STANDARD = gnu11;
				GCC_NO_COMMON_BLOCKS = YES;
				GCC_WARN_64_TO_32_BIT_CONVERSION = YES;
				GCC_WARN_ABOUT_RETURN_TYPE = YES_ERROR;
				GCC_WARN_UNDECLARED_SELECTOR = YES;
				GCC_WARN_UNINITIALIZED_AUTOS = YES_AGGRESSIVE;
				GCC_WARN_UNUSED_FUNCTION = YES;
				GCC_WARN_UNUSED_VARIABLE = YES;
				IPHONEOS_DEPLOYMENT_TARGET = 13.0;
				MTL_ENABLE_DEBUG_INFO = NO;
				MTL_FAST_MATH = YES;
				SDKROOT = iphoneos;
				SWIFT_COMPILATION_MODE = wholemodule;
				SWIFT_OPTIMIZATION_LEVEL = "-O";
				VALIDATE_PRODUCT = YES;
			};
			name = Release;
		};
		45236E46237C9254004E31D0 /* Debug */ = {
			isa = XCBuildConfiguration;
			buildSettings = {
				ASSETCATALOG_COMPILER_APPICON_NAME = AppIcon;
				CODE_SIGN_STYLE = Automatic;
				DEVELOPMENT_TEAM = 42SVX5XPT4;
				INFOPLIST_FILE = safeCollection/Info.plist;
				LD_RUNPATH_SEARCH_PATHS = (
					"$(inherited)",
					"@executable_path/Frameworks",
				);
				PRODUCT_BUNDLE_IDENTIFIER = "-.safeCollection";
				PRODUCT_NAME = "$(TARGET_NAME)";
				SWIFT_VERSION = 5.0;
				TARGETED_DEVICE_FAMILY = "1,2";
			};
			name = Debug;
		};
		45236E47237C9254004E31D0 /* Release */ = {
			isa = XCBuildConfiguration;
			buildSettings = {
				ASSETCATALOG_COMPILER_APPICON_NAME = AppIcon;
				CODE_SIGN_STYLE = Automatic;
				DEVELOPMENT_TEAM = 42SVX5XPT4;
				INFOPLIST_FILE = safeCollection/Info.plist;
				LD_RUNPATH_SEARCH_PATHS = (
					"$(inherited)",
					"@executable_path/Frameworks",
				);
				PRODUCT_BUNDLE_IDENTIFIER = "-.safeCollection";
				PRODUCT_NAME = "$(TARGET_NAME)";
				SWIFT_VERSION = 5.0;
				TARGETED_DEVICE_FAMILY = "1,2";
			};
			name = Release;
		};
/* End XCBuildConfiguration section */

/* Begin XCConfigurationList section */
		45236E2C237C9250004E31D0 /* Build configuration list for PBXProject "safeCollection" */ = {
			isa = XCConfigurationList;
			buildConfigurations = (
				45236E43237C9254004E31D0 /* Debug */,
				45236E44237C9254004E31D0 /* Release */,
			);
			defaultConfigurationIsVisible = 0;
			defaultConfigurationName = Release;
		};
		45236E45237C9254004E31D0 /* Build configuration list for PBXNativeTarget "safeCollection" */ = {
			isa = XCConfigurationList;
			buildConfigurations = (
				45236E46237C9254004E31D0 /* Debug */,
				45236E47237C9254004E31D0 /* Release */,
			);
			defaultConfigurationIsVisible = 0;
			defaultConfigurationName = Release;
		};
/* End XCConfigurationList section */
	};
	rootObject = 45236E29237C9250004E31D0 /* Project object */;
}
